// !$*UTF8*$!
{
	archiveVersion = 1;
	classes = {
	};
	objectVersion = 46;
	objects = {

/* Begin PBXBuildFile section */
		8498042D199CC64900AE3E6F /* Foundation.framework in Frameworks */ = {isa = PBXBuildFile; fileRef = 8498042C199CC64900AE3E6F /* Foundation.framework */; };
		8498042F199CC64900AE3E6F /* CoreGraphics.framework in Frameworks */ = {isa = PBXBuildFile; fileRef = 8498042E199CC64900AE3E6F /* CoreGraphics.framework */; };
		84980431199CC64900AE3E6F /* UIKit.framework in Frameworks */ = {isa = PBXBuildFile; fileRef = 84980430199CC64900AE3E6F /* UIKit.framework */; };
		84980437199CC64900AE3E6F /* InfoPlist.strings in Resources */ = {isa = PBXBuildFile; fileRef = 84980435199CC64900AE3E6F /* InfoPlist.strings */; };
		84980439199CC64900AE3E6F /* main.m in Sources */ = {isa = PBXBuildFile; fileRef = 84980438199CC64900AE3E6F /* main.m */; };
		8498043D199CC64900AE3E6F /* AppDelegate.m in Sources */ = {isa = PBXBuildFile; fileRef = 8498043C199CC64900AE3E6F /* AppDelegate.m */; };
		8498043F199CC64900AE3E6F /* Images.xcassets in Resources */ = {isa = PBXBuildFile; fileRef = 8498043E199CC64900AE3E6F /* Images.xcassets */; };
		84980446199CC64900AE3E6F /* XCTest.framework in Frameworks */ = {isa = PBXBuildFile; fileRef = 84980445199CC64900AE3E6F /* XCTest.framework */; };
		84980447199CC64900AE3E6F /* Foundation.framework in Frameworks */ = {isa = PBXBuildFile; fileRef = 8498042C199CC64900AE3E6F /* Foundation.framework */; };
		84980448199CC64900AE3E6F /* UIKit.framework in Frameworks */ = {isa = PBXBuildFile; fileRef = 84980430199CC64900AE3E6F /* UIKit.framework */; };
		84980450199CC64900AE3E6F /* InfoPlist.strings in Resources */ = {isa = PBXBuildFile; fileRef = 8498044E199CC64900AE3E6F /* InfoPlist.strings */; };
		84980452199CC64900AE3E6F /* _labTests.m in Sources */ = {isa = PBXBuildFile; fileRef = 84980451199CC64900AE3E6F /* _labTests.m */; };
		8498045E199CC66300AE3E6F /* VC.m in Sources */ = {isa = PBXBuildFile; fileRef = 8498045C199CC66300AE3E6F /* VC.m */; };
		8498045F199CC66300AE3E6F /* VC.xib in Resources */ = {isa = PBXBuildFile; fileRef = 8498045D199CC66300AE3E6F /* VC.xib */; };
/* End PBXBuildFile section */

/* Begin PBXContainerItemProxy section */
		84980449199CC64900AE3E6F /* PBXContainerItemProxy */ = {
			isa = PBXContainerItemProxy;
			containerPortal = 84980421199CC64900AE3E6F /* Project object */;
			proxyType = 1;
			remoteGlobalIDString = 84980428199CC64900AE3E6F;
			remoteInfo = 7lab;
		};
/* End PBXContainerItemProxy section */

/* Begin PBXFileReference section */
		84980429199CC64900AE3E6F /* 7lab.app */ = {isa = PBXFileReference; explicitFileType = wrapper.application; includeInIndex = 0; path = 7lab.app; sourceTree = BUILT_PRODUCTS_DIR; };
		8498042C199CC64900AE3E6F /* Foundation.framework */ = {isa = PBXFileReference; lastKnownFileType = wrapper.framework; name = Foundation.framework; path = System/Library/Frameworks/Foundation.framework; sourceTree = SDKROOT; };
		8498042E199CC64900AE3E6F /* CoreGraphics.framework */ = {isa = PBXFileReference; lastKnownFileType = wrapper.framework; name = CoreGraphics.framework; path = System/Library/Frameworks/CoreGraphics.framework; sourceTree = SDKROOT; };
		84980430199CC64900AE3E6F /* UIKit.framework */ = {isa = PBXFileReference; lastKnownFileType = wrapper.framework; name = UIKit.framework; path = System/Library/Frameworks/UIKit.framework; sourceTree = SDKROOT; };
		84980434199CC64900AE3E6F /* 7lab-Info.plist */ = {isa = PBXFileReference; lastKnownFileType = text.plist.xml; path = "7lab-Info.plist"; sourceTree = "<group>"; };
		84980436199CC64900AE3E6F /* en */ = {isa = PBXFileReference; lastKnownFileType = text.plist.strings; name = en; path = en.lproj/InfoPlist.strings; sourceTree = "<group>"; };
		84980438199CC64900AE3E6F /* main.m */ = {isa = PBXFileReference; lastKnownFileType = sourcecode.c.objc; path = main.m; sourceTree = "<group>"; };
		8498043A199CC64900AE3E6F /* 7lab-Prefix.pch */ = {isa = PBXFileReference; lastKnownFileType = sourcecode.c.h; path = "7lab-Prefix.pch"; sourceTree = "<group>"; };
		8498043B199CC64900AE3E6F /* AppDelegate.h */ = {isa = PBXFileReference; lastKnownFileType = sourcecode.c.h; path = AppDelegate.h; sourceTree = "<group>"; };
		8498043C199CC64900AE3E6F /* AppDelegate.m */ = {isa = PBXFileReference; lastKnownFileType = sourcecode.c.objc; path = AppDelegate.m; sourceTree = "<group>"; };
		8498043E199CC64900AE3E6F /* Images.xcassets */ = {isa = PBXFileReference; lastKnownFileType = folder.assetcatalog; path = Images.xcassets; sourceTree = "<group>"; };
		84980444199CC64900AE3E6F /* 7labTests.xctest */ = {isa = PBXFileReference; explicitFileType = wrapper.cfbundle; includeInIndex = 0; path = 7labTests.xctest; sourceTree = BUILT_PRODUCTS_DIR; };
		84980445199CC64900AE3E6F /* XCTest.framework */ = {isa = PBXFileReference; lastKnownFileType = wrapper.framework; name = XCTest.framework; path = Library/Frameworks/XCTest.framework; sourceTree = DEVELOPER_DIR; };
		8498044D199CC64900AE3E6F /* 7labTests-Info.plist */ = {isa = PBXFileReference; lastKnownFileType = text.plist.xml; path = "7labTests-Info.plist"; sourceTree = "<group>"; };
		8498044F199CC64900AE3E6F /* en */ = {isa = PBXFileReference; lastKnownFileType = text.plist.strings; name = en; path = en.lproj/InfoPlist.strings; sourceTree = "<group>"; };
		84980451199CC64900AE3E6F /* _labTests.m */ = {isa = PBXFileReference; lastKnownFileType = sourcecode.c.objc; path = _labTests.m; sourceTree = "<group>"; };
		8498045B199CC66300AE3E6F /* VC.h */ = {isa = PBXFileReference; fileEncoding = 4; lastKnownFileType = sourcecode.c.h; path = VC.h; sourceTree = "<group>"; };
		8498045C199CC66300AE3E6F /* VC.m */ = {isa = PBXFileReference; fileEncoding = 4; lastKnownFileType = sourcecode.c.objc; path = VC.m; sourceTree = "<group>"; };
		8498045D199CC66300AE3E6F /* VC.xib */ = {isa = PBXFileReference; fileEncoding = 4; lastKnownFileType = file.xib; path = VC.xib; sourceTree = "<group>"; };
/* End PBXFileReference section */

/* Begin PBXFrameworksBuildPhase section */
		84980426199CC64900AE3E6F /* Frameworks */ = {
			isa = PBXFrameworksBuildPhase;
			buildActionMask = 2147483647;
			files = (
				8498042F199CC64900AE3E6F /* CoreGraphics.framework in Frameworks */,
				84980431199CC64900AE3E6F /* UIKit.framework in Frameworks */,
				8498042D199CC64900AE3E6F /* Foundation.framework in Frameworks */,
			);
			runOnlyForDeploymentPostprocessing = 0;
		};
		84980441199CC64900AE3E6F /* Frameworks */ = {
			isa = PBXFrameworksBuildPhase;
			buildActionMask = 2147483647;
			files = (
				84980446199CC64900AE3E6F /* XCTest.framework in Frameworks */,
				84980448199CC64900AE3E6F /* UIKit.framework in Frameworks */,
				84980447199CC64900AE3E6F /* Foundation.framework in Frameworks */,
			);
			runOnlyForDeploymentPostprocessing = 0;
		};
/* End PBXFrameworksBuildPhase section */

/* Begin PBXGroup section */
		84980420199CC64900AE3E6F = {
			isa = PBXGroup;
			children = (
				84980432199CC64900AE3E6F /* 7lab */,
				8498044B199CC64900AE3E6F /* 7labTests */,
				8498042B199CC64900AE3E6F /* Frameworks */,
				8498042A199CC64900AE3E6F /* Products */,
			);
			sourceTree = "<group>";
		};
		8498042A199CC64900AE3E6F /* Products */ = {
			isa = PBXGroup;
			children = (
				84980429199CC64900AE3E6F /* 7lab.app */,
				84980444199CC64900AE3E6F /* 7labTests.xctest */,
			);
			name = Products;
			sourceTree = "<group>";
		};
		8498042B199CC64900AE3E6F /* Frameworks */ = {
			isa = PBXGroup;
			children = (
				8498042C199CC64900AE3E6F /* Foundation.framework */,
				8498042E199CC64900AE3E6F /* CoreGraphics.framework */,
				84980430199CC64900AE3E6F /* UIKit.framework */,
				84980445199CC64900AE3E6F /* XCTest.framework */,
			);
			name = Frameworks;
			sourceTree = "<group>";
		};
		84980432199CC64900AE3E6F /* 7lab */ = {
			isa = PBXGroup;
			children = (
				8498043B199CC64900AE3E6F /* AppDelegate.h */,
				8498045B199CC66300AE3E6F /* VC.h */,
				8498045C199CC66300AE3E6F /* VC.m */,
				8498045D199CC66300AE3E6F /* VC.xib */,
				8498043C199CC64900AE3E6F /* AppDelegate.m */,
				8498043E199CC64900AE3E6F /* Images.xcassets */,
				84980433199CC64900AE3E6F /* Supporting Files */,
			);
			path = 7lab;
			sourceTree = "<group>";
		};
		84980433199CC64900AE3E6F /* Supporting Files */ = {
			isa = PBXGroup;
			children = (
				84980434199CC64900AE3E6F /* 7lab-Info.plist */,
				84980435199CC64900AE3E6F /* InfoPlist.strings */,
				84980438199CC64900AE3E6F /* main.m */,
				8498043A199CC64900AE3E6F /* 7lab-Prefix.pch */,
			);
			name = "Supporting Files";
			sourceTree = "<group>";
		};
		8498044B199CC64900AE3E6F /* 7labTests */ = {
			isa = PBXGroup;
			children = (
				84980451199CC64900AE3E6F /* _labTests.m */,
				8498044C199CC64900AE3E6F /* Supporting Files */,
			);
			path = 7labTests;
			sourceTree = "<group>";
		};
		8498044C199CC64900AE3E6F /* Supporting Files */ = {
			isa = PBXGroup;
			children = (
				8498044D199CC64900AE3E6F /* 7labTests-Info.plist */,
				8498044E199CC64900AE3E6F /* InfoPlist.strings */,
			);
			name = "Supporting Files";
			sourceTree = "<group>";
		};
/* End PBXGroup section */

/* Begin PBXNativeTarget section */
		84980428199CC64900AE3E6F /* 7lab */ = {
			isa = PBXNativeTarget;
			buildConfigurationList = 84980455199CC64900AE3E6F /* Build configuration list for PBXNativeTarget "7lab" */;
			buildPhases = (
				84980425199CC64900AE3E6F /* Sources */,
				84980426199CC64900AE3E6F /* Frameworks */,
				84980427199CC64900AE3E6F /* Resources */,
			);
			buildRules = (
			);
			dependencies = (
			);
			name = 7lab;
			productName = 7lab;
			productReference = 84980429199CC64900AE3E6F /* 7lab.app */;
			productType = "com.apple.product-type.application";
		};
		84980443199CC64900AE3E6F /* 7labTests */ = {
			isa = PBXNativeTarget;
			buildConfigurationList = 84980458199CC64900AE3E6F /* Build configuration list for PBXNativeTarget "7labTests" */;
			buildPhases = (
				84980440199CC64900AE3E6F /* Sources */,
				84980441199CC64900AE3E6F /* Frameworks */,
				84980442199CC64900AE3E6F /* Resources */,
			);
			buildRules = (
			);
			dependencies = (
				8498044A199CC64900AE3E6F /* PBXTargetDependency */,
			);
			name = 7labTests;
			productName = 7labTests;
			productReference = 84980444199CC64900AE3E6F /* 7labTests.xctest */;
			productType = "com.apple.product-type.bundle.unit-test";
		};
/* End PBXNativeTarget section */

/* Begin PBXProject section */
		84980421199CC64900AE3E6F /* Project object */ = {
			isa = PBXProject;
			attributes = {
				LastUpgradeCheck = 0510;
				ORGANIZATIONNAME = "___FULLUSERNAME___";
				TargetAttributes = {
					84980443199CC64900AE3E6F = {
						TestTargetID = 84980428199CC64900AE3E6F;
					};
				};
			};
			buildConfigurationList = 84980424199CC64900AE3E6F /* Build configuration list for PBXProject "7lab" */;
			compatibilityVersion = "Xcode 3.2";
			developmentRegion = English;
			hasScannedForEncodings = 0;
			knownRegions = (
				en,
			);
			mainGroup = 84980420199CC64900AE3E6F;
			productRefGroup = 8498042A199CC64900AE3E6F /* Products */;
			projectDirPath = "";
			projectRoot = "";
			targets = (
				84980428199CC64900AE3E6F /* 7lab */,
				84980443199CC64900AE3E6F /* 7labTests */,
			);
		};
/* End PBXProject section */

/* Begin PBXResourcesBuildPhase section */
		84980427199CC64900AE3E6F /* Resources */ = {
			isa = PBXResourcesBuildPhase;
			buildActionMask = 2147483647;
			files = (
				8498045F199CC66300AE3E6F /* VC.xib in Resources */,
				84980437199CC64900AE3E6F /* InfoPlist.strings in Resources */,
				8498043F199CC64900AE3E6F /* Images.xcassets in Resources */,
			);
			runOnlyForDeploymentPostprocessing = 0;
		};
		84980442199CC64900AE3E6F /* Resources */ = {
			isa = PBXResourcesBuildPhase;
			buildActionMask = 2147483647;
			files = (
				84980450199CC64900AE3E6F /* InfoPlist.strings in Resources */,
			);
			runOnlyForDeploymentPostprocessing = 0;
		};
/* End PBXResourcesBuildPhase section */

/* Begin PBXSourcesBuildPhase section */
		84980425199CC64900AE3E6F /* Sources */ = {
			isa = PBXSourcesBuildPhase;
			buildActionMask = 2147483647;
			files = (
				8498043D199CC64900AE3E6F /* AppDelegate.m in Sources */,
				8498045E199CC66300AE3E6F /* VC.m in Sources */,
				84980439199CC64900AE3E6F /* main.m in Sources */,
			);
			runOnlyForDeploymentPostprocessing = 0;
		};
		84980440199CC64900AE3E6F /* Sources */ = {
			isa = PBXSourcesBuildPhase;
			buildActionMask = 2147483647;
			files = (
				84980452199CC64900AE3E6F /* _labTests.m in Sources */,
			);
			runOnlyForDeploymentPostprocessing = 0;
		};
/* End PBXSourcesBuildPhase section */

/* Begin PBXTargetDependency section */
		8498044A199CC64900AE3E6F /* PBXTargetDependency */ = {
			isa = PBXTargetDependency;
			target = 84980428199CC64900AE3E6F /* 7lab */;
			targetProxy = 84980449199CC64900AE3E6F /* PBXContainerItemProxy */;
		};
/* End PBXTargetDependency section */

/* Begin PBXVariantGroup section */
		84980435199CC64900AE3E6F /* InfoPlist.strings */ = {
			isa = PBXVariantGroup;
			children = (
				84980436199CC64900AE3E6F /* en */,
			);
			name = InfoPlist.strings;
			sourceTree = "<group>";
		};
		8498044E199CC64900AE3E6F /* InfoPlist.strings */ = {
			isa = PBXVariantGroup;
			children = (
				8498044F199CC64900AE3E6F /* en */,
			);
			name = InfoPlist.strings;
			sourceTree = "<group>";
		};
/* End PBXVariantGroup section */

/* Begin XCBuildConfiguration section */
		84980453199CC64900AE3E6F /* Debug */ = {
			isa = XCBuildConfiguration;
			buildSettings = {
				ALWAYS_SEARCH_USER_PATHS = NO;
				CLANG_CXX_LANGUAGE_STANDARD = "gnu++0x";
				CLANG_CXX_LIBRARY = "libc++";
				CLANG_ENABLE_MODULES = YES;
				CLANG_ENABLE_OBJC_ARC = YES;
				CLANG_WARN_BOOL_CONVERSION = YES;
				CLANG_WARN_CONSTANT_CONVERSION = YES;
				CLANG_WARN_DIRECT_OBJC_ISA_USAGE = YES_ERROR;
				CLANG_WARN_EMPTY_BODY = YES;
				CLANG_WARN_ENUM_CONVERSION = YES;
				CLANG_WARN_INT_CONVERSION = YES;
				CLANG_WARN_OBJC_ROOT_CLASS = YES_ERROR;
				CLANG_WARN__DUPLICATE_METHOD_MATCH = YES;
				"CODE_SIGN_IDENTITY[sdk=iphoneos*]" = "iPhone Developer";
				COPY_PHASE_STRIP = NO;
				GCC_C_LANGUAGE_STANDARD = gnu99;
				GCC_DYNAMIC_NO_PIC = NO;
				GCC_OPTIMIZATION_LEVEL = 0;
				GCC_PREPROCESSOR_DEFINITIONS = (
					"DEBUG=1",
					"$(inherited)",
				);
				GCC_SYMBOLS_PRIVATE_EXTERN = NO;
				GCC_WARN_64_TO_32_BIT_CONVERSION = YES;
				GCC_WARN_ABOUT_RETURN_TYPE = YES_ERROR;
				GCC_WARN_UNDECLARED_SELECTOR = YES;
				GCC_WARN_UNINITIALIZED_AUTOS = YES_AGGRESSIVE;
				GCC_WARN_UNUSED_FUNCTION = YES;
				GCC_WARN_UNUSED_VARIABLE = YES;
				IPHONEOS_DEPLOYMENT_TARGET = 7.1;
				ONLY_ACTIVE_ARCH = YES;
				SDKROOT = iphoneos;
				TARGETED_DEVICE_FAMILY = "1,2";
			};
			name = Debug;
		};
		84980454199CC64900AE3E6F /* Release */ = {
			isa = XCBuildConfiguration;
			buildSettings = {
				ALWAYS_SEARCH_USER_PATHS = NO;
				CLANG_CXX_LANGUAGE_STANDARD = "gnu++0x";
				CLANG_CXX_LIBRARY = "libc++";
				CLANG_ENABLE_MODULES = YES;
				CLANG_ENABLE_OBJC_ARC = YES;
				CLANG_WARN_BOOL_CONVERSION = YES;
				CLANG_WARN_CONSTANT_CONVERSION = YES;
				CLANG_WARN_DIRECT_OBJC_ISA_USAGE = YES_ERROR;
				CLANG_WARN_EMPTY_BODY = YES;
				CLANG_WARN_ENUM_CONVERSION = YES;
				CLANG_WARN_INT_CONVERSION = YES;
				CLANG_WARN_OBJC_ROOT_CLASS = YES_ERROR;
				CLANG_WARN__DUPLICATE_METHOD_MATCH = YES;
				"CODE_SIGN_IDENTITY[sdk=iphoneos*]" = "iPhone Developer";
				COPY_PHASE_STRIP = YES;
				ENABLE_NS_ASSERTIONS = NO;
				GCC_C_LANGUAGE_STANDARD = gnu99;
				GCC_WARN_64_TO_32_BIT_CONVERSION = YES;
				GCC_WARN_ABOUT_RETURN_TYPE = YES_ERROR;
				GCC_WARN_UNDECLARED_SELECTOR = YES;
				GCC_WARN_UNINITIALIZED_AUTOS = YES_AGGRESSIVE;
				GCC_WARN_UNUSED_FUNCTION = YES;
				GCC_WARN_UNUSED_VARIABLE = YES;
				IPHONEOS_DEPLOYMENT_TARGET = 7.1;
				SDKROOT = iphoneos;
				TARGETED_DEVICE_FAMILY = "1,2";
				VALIDATE_PRODUCT = YES;
			};
			name = Release;
		};
		84980456199CC64900AE3E6F /* Debug */ = {
			isa = XCBuildConfiguration;
			buildSettings = {
				ASSETCATALOG_COMPILER_APPICON_NAME = AppIcon;
				ASSETCATALOG_COMPILER_LAUNCHIMAGE_NAME = LaunchImage;
				GCC_PRECOMPILE_PREFIX_HEADER = YES;
				GCC_PREFIX_HEADER = "7lab/7lab-Prefix.pch";
				INFOPLIST_FILE = "7lab/7lab-Info.plist";
				PRODUCT_NAME = "$(TARGET_NAME)";
				WRAPPER_EXTENSION = app;
			};
			name = Debug;
		};
		84980457199CC64900AE3E6F /* Release */ = {
			isa = XCBuildConfiguration;
			buildSettings = {
				ASSETCATALOG_COMPILER_APPICON_NAME = AppIcon;
				ASSETCATALOG_COMPILER_LAUNCHIMAGE_NAME = LaunchImage;
				GCC_PRECOMPILE_PREFIX_HEADER = YES;
				GCC_PREFIX_HEADER = "7lab/7lab-Prefix.pch";
				INFOPLIST_FILE = "7lab/7lab-Info.plist";
				PRODUCT_NAME = "$(TARGET_NAME)";
				WRAPPER_EXTENSION = app;
			};
			name = Release;
		};
		84980459199CC64900AE3E6F /* Debug */ = {
			isa = XCBuildConfiguration;
			buildSettings = {
				BUNDLE_LOADER = "$(BUILT_PRODUCTS_DIR)/7lab.app/7lab";
				FRAMEWORK_SEARCH_PATHS = (
					"$(SDKROOT)/Developer/Library/Frameworks",
					"$(inherited)",
					"$(DEVELOPER_FRAMEWORKS_DIR)",
				);
				GCC_PRECOMPILE_PREFIX_HEADER = YES;
				GCC_PREFIX_HEADER = "7lab/7lab-Prefix.pch";
				GCC_PREPROCESSOR_DEFINITIONS = (
					"DEBUG=1",
					"$(inherited)",
				);
				INFOPLIST_FILE = "7labTests/7labTests-Info.plist";
				PRODUCT_NAME = "$(TARGET_NAME)";
				TEST_HOST = "$(BUNDLE_LOADER)";
				WRAPPER_EXTENSION = xctest;
			};
			name = Debug;
		};
		8498045A199CC64900AE3E6F /* Release */ = {
			isa = XCBuildConfiguration;
			buildSettings = {
				BUNDLE_LOADER = "$(BUILT_PRODUCTS_DIR)/7lab.app/7lab";
				FRAMEWORK_SEARCH_PATHS = (
					"$(SDKROOT)/Developer/Library/Frameworks",
					"$(inherited)",
					"$(DEVELOPER_FRAMEWORKS_DIR)",
				);
				GCC_PRECOMPILE_PREFIX_HEADER = YES;
				GCC_PREFIX_HEADER = "7lab/7lab-Prefix.pch";
				INFOPLIST_FILE = "7labTests/7labTests-Info.plist";
				PRODUCT_NAME = "$(TARGET_NAME)";
				TEST_HOST = "$(BUNDLE_LOADER)";
				WRAPPER_EXTENSION = xctest;
			};
			name = Release;
		};
/* End XCBuildConfiguration section */

/* Begin XCConfigurationList section */
		84980424199CC64900AE3E6F /* Build configuration list for PBXProject "7lab" */ = {
			isa = XCConfigurationList;
			buildConfigurations = (
				84980453199CC64900AE3E6F /* Debug */,
				84980454199CC64900AE3E6F /* Release */,
			);
			defaultConfigurationIsVisible = 0;
			defaultConfigurationName = Release;
		};
		84980455199CC64900AE3E6F /* Build configuration list for PBXNativeTarget "7lab" */ = {
			isa = XCConfigurationList;
			buildConfigurations = (
				84980456199CC64900AE3E6F /* Debug */,
				84980457199CC64900AE3E6F /* Release */,
			);
			defaultConfigurationIsVisible = 0;
		};
		84980458199CC64900AE3E6F /* Build configuration list for PBXNativeTarget "7labTests" */ = {
			isa = XCConfigurationList;
			buildConfigurations = (
				84980459199CC64900AE3E6F /* Debug */,
				8498045A199CC64900AE3E6F /* Release */,
			);
			defaultConfigurationIsVisible = 0;
		};
/* End XCConfigurationList section */
	};
	rootObject = 84980421199CC64900AE3E6F /* Project object */;
}
