// !$*UTF8*$!
{
	archiveVersion = 1;
	classes = {
	};
	objectVersion = 46;
	objects = {

/* Begin PBXBuildFile section */
		A0BBBE221AB8739F00D27C5B /* Foundation.framework in Frameworks */ = {isa = PBXBuildFile; fileRef = A0BBBE211AB8739F00D27C5B /* Foundation.framework */; };
		A0BBBE241AB8739F00D27C5B /* CoreGraphics.framework in Frameworks */ = {isa = PBXBuildFile; fileRef = A0BBBE231AB8739F00D27C5B /* CoreGraphics.framework */; };
		A0BBBE261AB8739F00D27C5B /* UIKit.framework in Frameworks */ = {isa = PBXBuildFile; fileRef = A0BBBE251AB8739F00D27C5B /* UIKit.framework */; };
		A0BBBE2C1AB8739F00D27C5B /* InfoPlist.strings in Resources */ = {isa = PBXBuildFile; fileRef = A0BBBE2A1AB8739F00D27C5B /* InfoPlist.strings */; };
		A0BBBE2E1AB8739F00D27C5B /* main.m in Sources */ = {isa = PBXBuildFile; fileRef = A0BBBE2D1AB8739F00D27C5B /* main.m */; };
		A0BBBE321AB8739F00D27C5B /* AppDelegate.m in Sources */ = {isa = PBXBuildFile; fileRef = A0BBBE311AB8739F00D27C5B /* AppDelegate.m */; };
		A0BBBE381AB8739F00D27C5B /* ViewController.m in Sources */ = {isa = PBXBuildFile; fileRef = A0BBBE371AB8739F00D27C5B /* ViewController.m */; };
		A0BBBE3A1AB8739F00D27C5B /* Images.xcassets in Resources */ = {isa = PBXBuildFile; fileRef = A0BBBE391AB8739F00D27C5B /* Images.xcassets */; };
		A0BBBE411AB8739F00D27C5B /* XCTest.framework in Frameworks */ = {isa = PBXBuildFile; fileRef = A0BBBE401AB8739F00D27C5B /* XCTest.framework */; };
		A0BBBE421AB8739F00D27C5B /* Foundation.framework in Frameworks */ = {isa = PBXBuildFile; fileRef = A0BBBE211AB8739F00D27C5B /* Foundation.framework */; };
		A0BBBE431AB8739F00D27C5B /* UIKit.framework in Frameworks */ = {isa = PBXBuildFile; fileRef = A0BBBE251AB8739F00D27C5B /* UIKit.framework */; };
		A0BBBE4B1AB8739F00D27C5B /* InfoPlist.strings in Resources */ = {isa = PBXBuildFile; fileRef = A0BBBE491AB8739F00D27C5B /* InfoPlist.strings */; };
		A0BBBE4D1AB8739F00D27C5B /* PongTests.m in Sources */ = {isa = PBXBuildFile; fileRef = A0BBBE4C1AB8739F00D27C5B /* PongTests.m */; };
		A0BBBE581AB8784900D27C5B /* GameViewController.m in Sources */ = {isa = PBXBuildFile; fileRef = A0BBBE571AB8784900D27C5B /* GameViewController.m */; };
		A0BBBE5A1AB8788300D27C5B /* GameViewController.xib in Resources */ = {isa = PBXBuildFile; fileRef = A0BBBE591AB8788300D27C5B /* GameViewController.xib */; };
		A0BBBE5D1AB87A5C00D27C5B /* UIColor+PingPong.m in Sources */ = {isa = PBXBuildFile; fileRef = A0BBBE5C1AB87A5C00D27C5B /* UIColor+PingPong.m */; };
/* End PBXBuildFile section */

/* Begin PBXContainerItemProxy section */
		A0BBBE441AB8739F00D27C5B /* PBXContainerItemProxy */ = {
			isa = PBXContainerItemProxy;
			containerPortal = A0BBBE161AB8739F00D27C5B /* Project object */;
			proxyType = 1;
			remoteGlobalIDString = A0BBBE1D1AB8739F00D27C5B;
			remoteInfo = Pong;
		};
/* End PBXContainerItemProxy section */

/* Begin PBXFileReference section */
		A0BBBE1E1AB8739F00D27C5B /* Pong.app */ = {isa = PBXFileReference; explicitFileType = wrapper.application; includeInIndex = 0; path = Pong.app; sourceTree = BUILT_PRODUCTS_DIR; };
		A0BBBE211AB8739F00D27C5B /* Foundation.framework */ = {isa = PBXFileReference; lastKnownFileType = wrapper.framework; name = Foundation.framework; path = System/Library/Frameworks/Foundation.framework; sourceTree = SDKROOT; };
		A0BBBE231AB8739F00D27C5B /* CoreGraphics.framework */ = {isa = PBXFileReference; lastKnownFileType = wrapper.framework; name = CoreGraphics.framework; path = System/Library/Frameworks/CoreGraphics.framework; sourceTree = SDKROOT; };
		A0BBBE251AB8739F00D27C5B /* UIKit.framework */ = {isa = PBXFileReference; lastKnownFileType = wrapper.framework; name = UIKit.framework; path = System/Library/Frameworks/UIKit.framework; sourceTree = SDKROOT; };
		A0BBBE291AB8739F00D27C5B /* Pong-Info.plist */ = {isa = PBXFileReference; lastKnownFileType = text.plist.xml; path = "Pong-Info.plist"; sourceTree = "<group>"; };
		A0BBBE2B1AB8739F00D27C5B /* en */ = {isa = PBXFileReference; lastKnownFileType = text.plist.strings; name = en; path = en.lproj/InfoPlist.strings; sourceTree = "<group>"; };
		A0BBBE2D1AB8739F00D27C5B /* main.m */ = {isa = PBXFileReference; lastKnownFileType = sourcecode.c.objc; path = main.m; sourceTree = "<group>"; };
		A0BBBE2F1AB8739F00D27C5B /* Pong-Prefix.pch */ = {isa = PBXFileReference; lastKnownFileType = sourcecode.c.h; path = "Pong-Prefix.pch"; sourceTree = "<group>"; };
		A0BBBE301AB8739F00D27C5B /* AppDelegate.h */ = {isa = PBXFileReference; lastKnownFileType = sourcecode.c.h; path = AppDelegate.h; sourceTree = "<group>"; };
		A0BBBE311AB8739F00D27C5B /* AppDelegate.m */ = {isa = PBXFileReference; lastKnownFileType = sourcecode.c.objc; path = AppDelegate.m; sourceTree = "<group>"; };
		A0BBBE361AB8739F00D27C5B /* ViewController.h */ = {isa = PBXFileReference; lastKnownFileType = sourcecode.c.h; path = ViewController.h; sourceTree = "<group>"; };
		A0BBBE371AB8739F00D27C5B /* ViewController.m */ = {isa = PBXFileReference; lastKnownFileType = sourcecode.c.objc; path = ViewController.m; sourceTree = "<group>"; };
		A0BBBE391AB8739F00D27C5B /* Images.xcassets */ = {isa = PBXFileReference; lastKnownFileType = folder.assetcatalog; path = Images.xcassets; sourceTree = "<group>"; };
		A0BBBE3F1AB8739F00D27C5B /* PongTests.xctest */ = {isa = PBXFileReference; explicitFileType = wrapper.cfbundle; includeInIndex = 0; path = PongTests.xctest; sourceTree = BUILT_PRODUCTS_DIR; };
		A0BBBE401AB8739F00D27C5B /* XCTest.framework */ = {isa = PBXFileReference; lastKnownFileType = wrapper.framework; name = XCTest.framework; path = Library/Frameworks/XCTest.framework; sourceTree = DEVELOPER_DIR; };
		A0BBBE481AB8739F00D27C5B /* PongTests-Info.plist */ = {isa = PBXFileReference; lastKnownFileType = text.plist.xml; path = "PongTests-Info.plist"; sourceTree = "<group>"; };
		A0BBBE4A1AB8739F00D27C5B /* en */ = {isa = PBXFileReference; lastKnownFileType = text.plist.strings; name = en; path = en.lproj/InfoPlist.strings; sourceTree = "<group>"; };
		A0BBBE4C1AB8739F00D27C5B /* PongTests.m */ = {isa = PBXFileReference; lastKnownFileType = sourcecode.c.objc; path = PongTests.m; sourceTree = "<group>"; };
		A0BBBE561AB8784900D27C5B /* GameViewController.h */ = {isa = PBXFileReference; fileEncoding = 4; lastKnownFileType = sourcecode.c.h; path = GameViewController.h; sourceTree = "<group>"; };
		A0BBBE571AB8784900D27C5B /* GameViewController.m */ = {isa = PBXFileReference; fileEncoding = 4; lastKnownFileType = sourcecode.c.objc; path = GameViewController.m; sourceTree = "<group>"; };
		A0BBBE591AB8788300D27C5B /* GameViewController.xib */ = {isa = PBXFileReference; fileEncoding = 4; lastKnownFileType = file.xib; path = GameViewController.xib; sourceTree = "<group>"; };
		A0BBBE5B1AB87A5C00D27C5B /* UIColor+PingPong.h */ = {isa = PBXFileReference; fileEncoding = 4; lastKnownFileType = sourcecode.c.h; path = "UIColor+PingPong.h"; sourceTree = "<group>"; };
		A0BBBE5C1AB87A5C00D27C5B /* UIColor+PingPong.m */ = {isa = PBXFileReference; fileEncoding = 4; lastKnownFileType = sourcecode.c.objc; path = "UIColor+PingPong.m"; sourceTree = "<group>"; };
/* End PBXFileReference section */

/* Begin PBXFrameworksBuildPhase section */
		A0BBBE1B1AB8739F00D27C5B /* Frameworks */ = {
			isa = PBXFrameworksBuildPhase;
			buildActionMask = 2147483647;
			files = (
				A0BBBE241AB8739F00D27C5B /* CoreGraphics.framework in Frameworks */,
				A0BBBE261AB8739F00D27C5B /* UIKit.framework in Frameworks */,
				A0BBBE221AB8739F00D27C5B /* Foundation.framework in Frameworks */,
			);
			runOnlyForDeploymentPostprocessing = 0;
		};
		A0BBBE3C1AB8739F00D27C5B /* Frameworks */ = {
			isa = PBXFrameworksBuildPhase;
			buildActionMask = 2147483647;
			files = (
				A0BBBE411AB8739F00D27C5B /* XCTest.framework in Frameworks */,
				A0BBBE431AB8739F00D27C5B /* UIKit.framework in Frameworks */,
				A0BBBE421AB8739F00D27C5B /* Foundation.framework in Frameworks */,
			);
			runOnlyForDeploymentPostprocessing = 0;
		};
/* End PBXFrameworksBuildPhase section */

/* Begin PBXGroup section */
		A0BBBE151AB8739F00D27C5B = {
			isa = PBXGroup;
			children = (
				A0BBBE271AB8739F00D27C5B /* Pong */,
				A0BBBE461AB8739F00D27C5B /* PongTests */,
				A0BBBE201AB8739F00D27C5B /* Frameworks */,
				A0BBBE1F1AB8739F00D27C5B /* Products */,
			);
			sourceTree = "<group>";
		};
		A0BBBE1F1AB8739F00D27C5B /* Products */ = {
			isa = PBXGroup;
			children = (
				A0BBBE1E1AB8739F00D27C5B /* Pong.app */,
				A0BBBE3F1AB8739F00D27C5B /* PongTests.xctest */,
			);
			name = Products;
			sourceTree = "<group>";
		};
		A0BBBE201AB8739F00D27C5B /* Frameworks */ = {
			isa = PBXGroup;
			children = (
				A0BBBE211AB8739F00D27C5B /* Foundation.framework */,
				A0BBBE231AB8739F00D27C5B /* CoreGraphics.framework */,
				A0BBBE251AB8739F00D27C5B /* UIKit.framework */,
				A0BBBE401AB8739F00D27C5B /* XCTest.framework */,
			);
			name = Frameworks;
			sourceTree = "<group>";
		};
		A0BBBE271AB8739F00D27C5B /* Pong */ = {
			isa = PBXGroup;
			children = (
				A0BBBE301AB8739F00D27C5B /* AppDelegate.h */,
				A0BBBE311AB8739F00D27C5B /* AppDelegate.m */,
				A0BBBE361AB8739F00D27C5B /* ViewController.h */,
				A0BBBE371AB8739F00D27C5B /* ViewController.m */,
				A0BBBE391AB8739F00D27C5B /* Images.xcassets */,
				A0BBBE281AB8739F00D27C5B /* Supporting Files */,
				A0BBBE561AB8784900D27C5B /* GameViewController.h */,
				A0BBBE571AB8784900D27C5B /* GameViewController.m */,
				A0BBBE591AB8788300D27C5B /* GameViewController.xib */,
				A0BBBE5B1AB87A5C00D27C5B /* UIColor+PingPong.h */,
				A0BBBE5C1AB87A5C00D27C5B /* UIColor+PingPong.m */,
			);
			path = Pong;
			sourceTree = "<group>";
		};
		A0BBBE281AB8739F00D27C5B /* Supporting Files */ = {
			isa = PBXGroup;
			children = (
				A0BBBE291AB8739F00D27C5B /* Pong-Info.plist */,
				A0BBBE2A1AB8739F00D27C5B /* InfoPlist.strings */,
				A0BBBE2D1AB8739F00D27C5B /* main.m */,
				A0BBBE2F1AB8739F00D27C5B /* Pong-Prefix.pch */,
			);
			name = "Supporting Files";
			sourceTree = "<group>";
		};
		A0BBBE461AB8739F00D27C5B /* PongTests */ = {
			isa = PBXGroup;
			children = (
				A0BBBE4C1AB8739F00D27C5B /* PongTests.m */,
				A0BBBE471AB8739F00D27C5B /* Supporting Files */,
			);
			path = PongTests;
			sourceTree = "<group>";
		};
		A0BBBE471AB8739F00D27C5B /* Supporting Files */ = {
			isa = PBXGroup;
			children = (
				A0BBBE481AB8739F00D27C5B /* PongTests-Info.plist */,
				A0BBBE491AB8739F00D27C5B /* InfoPlist.strings */,
			);
			name = "Supporting Files";
			sourceTree = "<group>";
		};
/* End PBXGroup section */

/* Begin PBXNativeTarget section */
		A0BBBE1D1AB8739F00D27C5B /* Pong */ = {
			isa = PBXNativeTarget;
			buildConfigurationList = A0BBBE501AB8739F00D27C5B /* Build configuration list for PBXNativeTarget "Pong" */;
			buildPhases = (
				A0BBBE1A1AB8739F00D27C5B /* Sources */,
				A0BBBE1B1AB8739F00D27C5B /* Frameworks */,
				A0BBBE1C1AB8739F00D27C5B /* Resources */,
			);
			buildRules = (
			);
			dependencies = (
			);
			name = Pong;
			productName = Pong;
			productReference = A0BBBE1E1AB8739F00D27C5B /* Pong.app */;
			productType = "com.apple.product-type.application";
		};
		A0BBBE3E1AB8739F00D27C5B /* PongTests */ = {
			isa = PBXNativeTarget;
			buildConfigurationList = A0BBBE531AB8739F00D27C5B /* Build configuration list for PBXNativeTarget "PongTests" */;
			buildPhases = (
				A0BBBE3B1AB8739F00D27C5B /* Sources */,
				A0BBBE3C1AB8739F00D27C5B /* Frameworks */,
				A0BBBE3D1AB8739F00D27C5B /* Resources */,
			);
			buildRules = (
			);
			dependencies = (
				A0BBBE451AB8739F00D27C5B /* PBXTargetDependency */,
			);
			name = PongTests;
			productName = PongTests;
			productReference = A0BBBE3F1AB8739F00D27C5B /* PongTests.xctest */;
			productType = "com.apple.product-type.bundle.unit-test";
		};
/* End PBXNativeTarget section */

/* Begin PBXProject section */
		A0BBBE161AB8739F00D27C5B /* Project object */ = {
			isa = PBXProject;
			attributes = {
				LastUpgradeCheck = 0510;
				ORGANIZATIONNAME = "Ivan Bukshev";
				TargetAttributes = {
					A0BBBE3E1AB8739F00D27C5B = {
						TestTargetID = A0BBBE1D1AB8739F00D27C5B;
					};
				};
			};
			buildConfigurationList = A0BBBE191AB8739F00D27C5B /* Build configuration list for PBXProject "Pong" */;
			compatibilityVersion = "Xcode 3.2";
			developmentRegion = English;
			hasScannedForEncodings = 0;
			knownRegions = (
				en,
				Base,
			);
			mainGroup = A0BBBE151AB8739F00D27C5B;
			productRefGroup = A0BBBE1F1AB8739F00D27C5B /* Products */;
			projectDirPath = "";
			projectRoot = "";
			targets = (
				A0BBBE1D1AB8739F00D27C5B /* Pong */,
				A0BBBE3E1AB8739F00D27C5B /* PongTests */,
			);
		};
/* End PBXProject section */

/* Begin PBXResourcesBuildPhase section */
		A0BBBE1C1AB8739F00D27C5B /* Resources */ = {
			isa = PBXResourcesBuildPhase;
			buildActionMask = 2147483647;
			files = (
				A0BBBE5A1AB8788300D27C5B /* GameViewController.xib in Resources */,
				A0BBBE3A1AB8739F00D27C5B /* Images.xcassets in Resources */,
				A0BBBE2C1AB8739F00D27C5B /* InfoPlist.strings in Resources */,
			);
			runOnlyForDeploymentPostprocessing = 0;
		};
		A0BBBE3D1AB8739F00D27C5B /* Resources */ = {
			isa = PBXResourcesBuildPhase;
			buildActionMask = 2147483647;
			files = (
				A0BBBE4B1AB8739F00D27C5B /* InfoPlist.strings in Resources */,
			);
			runOnlyForDeploymentPostprocessing = 0;
		};
/* End PBXResourcesBuildPhase section */

/* Begin PBXSourcesBuildPhase section */
		A0BBBE1A1AB8739F00D27C5B /* Sources */ = {
			isa = PBXSourcesBuildPhase;
			buildActionMask = 2147483647;
			files = (
				A0BBBE581AB8784900D27C5B /* GameViewController.m in Sources */,
				A0BBBE381AB8739F00D27C5B /* ViewController.m in Sources */,
				A0BBBE5D1AB87A5C00D27C5B /* UIColor+PingPong.m in Sources */,
				A0BBBE321AB8739F00D27C5B /* AppDelegate.m in Sources */,
				A0BBBE2E1AB8739F00D27C5B /* main.m in Sources */,
			);
			runOnlyForDeploymentPostprocessing = 0;
		};
		A0BBBE3B1AB8739F00D27C5B /* Sources */ = {
			isa = PBXSourcesBuildPhase;
			buildActionMask = 2147483647;
			files = (
				A0BBBE4D1AB8739F00D27C5B /* PongTests.m in Sources */,
			);
			runOnlyForDeploymentPostprocessing = 0;
		};
/* End PBXSourcesBuildPhase section */

/* Begin PBXTargetDependency section */
		A0BBBE451AB8739F00D27C5B /* PBXTargetDependency */ = {
			isa = PBXTargetDependency;
			target = A0BBBE1D1AB8739F00D27C5B /* Pong */;
			targetProxy = A0BBBE441AB8739F00D27C5B /* PBXContainerItemProxy */;
		};
/* End PBXTargetDependency section */

/* Begin PBXVariantGroup section */
		A0BBBE2A1AB8739F00D27C5B /* InfoPlist.strings */ = {
			isa = PBXVariantGroup;
			children = (
				A0BBBE2B1AB8739F00D27C5B /* en */,
			);
			name = InfoPlist.strings;
			sourceTree = "<group>";
		};
		A0BBBE491AB8739F00D27C5B /* InfoPlist.strings */ = {
			isa = PBXVariantGroup;
			children = (
				A0BBBE4A1AB8739F00D27C5B /* en */,
			);
			name = InfoPlist.strings;
			sourceTree = "<group>";
		};
/* End PBXVariantGroup section */

/* Begin XCBuildConfiguration section */
		A0BBBE4E1AB8739F00D27C5B /* Debug */ = {
			isa = XCBuildConfiguration;
			buildSettings = {
				ALWAYS_SEARCH_USER_PATHS = NO;
				CLANG_CXX_LANGUAGE_STANDARD = "gnu++0x";
				CLANG_CXX_LIBRARY = "libc++";
				CLANG_ENABLE_MODULES = YES;
				CLANG_ENABLE_OBJC_ARC = YES;
				CLANG_WARN_BOOL_CONVERSION = YES;
				CLANG_WARN_CONSTANT_CONVERSION = YES;
				CLANG_WARN_DIRECT_OBJC_ISA_USAGE = YES_ERROR;
				CLANG_WARN_EMPTY_BODY = YES;
				CLANG_WARN_ENUM_CONVERSION = YES;
				CLANG_WARN_INT_CONVERSION = YES;
				CLANG_WARN_OBJC_ROOT_CLASS = YES_ERROR;
				CLANG_WARN__DUPLICATE_METHOD_MATCH = YES;
				"CODE_SIGN_IDENTITY[sdk=iphoneos*]" = "iPhone Developer";
				COPY_PHASE_STRIP = NO;
				GCC_C_LANGUAGE_STANDARD = gnu99;
				GCC_DYNAMIC_NO_PIC = NO;
				GCC_OPTIMIZATION_LEVEL = 0;
				GCC_PREPROCESSOR_DEFINITIONS = (
					"DEBUG=1",
					"$(inherited)",
				);
				GCC_SYMBOLS_PRIVATE_EXTERN = NO;
				GCC_WARN_64_TO_32_BIT_CONVERSION = YES;
				GCC_WARN_ABOUT_RETURN_TYPE = YES_ERROR;
				GCC_WARN_UNDECLARED_SELECTOR = YES;
				GCC_WARN_UNINITIALIZED_AUTOS = YES_AGGRESSIVE;
				GCC_WARN_UNUSED_FUNCTION = YES;
				GCC_WARN_UNUSED_VARIABLE = YES;
				IPHONEOS_DEPLOYMENT_TARGET = 7.1;
				ONLY_ACTIVE_ARCH = YES;
				SDKROOT = iphoneos;
				TARGETED_DEVICE_FAMILY = 2;
			};
			name = Debug;
		};
		A0BBBE4F1AB8739F00D27C5B /* Release */ = {
			isa = XCBuildConfiguration;
			buildSettings = {
				ALWAYS_SEARCH_USER_PATHS = NO;
				CLANG_CXX_LANGUAGE_STANDARD = "gnu++0x";
				CLANG_CXX_LIBRARY = "libc++";
				CLANG_ENABLE_MODULES = YES;
				CLANG_ENABLE_OBJC_ARC = YES;
				CLANG_WARN_BOOL_CONVERSION = YES;
				CLANG_WARN_CONSTANT_CONVERSION = YES;
				CLANG_WARN_DIRECT_OBJC_ISA_USAGE = YES_ERROR;
				CLANG_WARN_EMPTY_BODY = YES;
				CLANG_WARN_ENUM_CONVERSION = YES;
				CLANG_WARN_INT_CONVERSION = YES;
				CLANG_WARN_OBJC_ROOT_CLASS = YES_ERROR;
				CLANG_WARN__DUPLICATE_METHOD_MATCH = YES;
				"CODE_SIGN_IDENTITY[sdk=iphoneos*]" = "iPhone Developer";
				COPY_PHASE_STRIP = YES;
				ENABLE_NS_ASSERTIONS = NO;
				GCC_C_LANGUAGE_STANDARD = gnu99;
				GCC_WARN_64_TO_32_BIT_CONVERSION = YES;
				GCC_WARN_ABOUT_RETURN_TYPE = YES_ERROR;
				GCC_WARN_UNDECLARED_SELECTOR = YES;
				GCC_WARN_UNINITIALIZED_AUTOS = YES_AGGRESSIVE;
				GCC_WARN_UNUSED_FUNCTION = YES;
				GCC_WARN_UNUSED_VARIABLE = YES;
				IPHONEOS_DEPLOYMENT_TARGET = 7.1;
				SDKROOT = iphoneos;
				TARGETED_DEVICE_FAMILY = 2;
				VALIDATE_PRODUCT = YES;
			};
			name = Release;
		};
		A0BBBE511AB8739F00D27C5B /* Debug */ = {
			isa = XCBuildConfiguration;
			buildSettings = {
				ASSETCATALOG_COMPILER_APPICON_NAME = AppIcon;
				ASSETCATALOG_COMPILER_LAUNCHIMAGE_NAME = LaunchImage;
				GCC_PRECOMPILE_PREFIX_HEADER = YES;
				GCC_PREFIX_HEADER = "Pong/Pong-Prefix.pch";
				INFOPLIST_FILE = "Pong/Pong-Info.plist";
				PRODUCT_NAME = "$(TARGET_NAME)";
				TARGETED_DEVICE_FAMILY = 1;
				WRAPPER_EXTENSION = app;
			};
			name = Debug;
		};
		A0BBBE521AB8739F00D27C5B /* Release */ = {
			isa = XCBuildConfiguration;
			buildSettings = {
				ASSETCATALOG_COMPILER_APPICON_NAME = AppIcon;
				ASSETCATALOG_COMPILER_LAUNCHIMAGE_NAME = LaunchImage;
				GCC_PRECOMPILE_PREFIX_HEADER = YES;
				GCC_PREFIX_HEADER = "Pong/Pong-Prefix.pch";
				INFOPLIST_FILE = "Pong/Pong-Info.plist";
				PRODUCT_NAME = "$(TARGET_NAME)";
				TARGETED_DEVICE_FAMILY = 1;
				WRAPPER_EXTENSION = app;
			};
			name = Release;
		};
		A0BBBE541AB8739F00D27C5B /* Debug */ = {
			isa = XCBuildConfiguration;
			buildSettings = {
				BUNDLE_LOADER = "$(BUILT_PRODUCTS_DIR)/Pong.app/Pong";
				FRAMEWORK_SEARCH_PATHS = (
					"$(SDKROOT)/Developer/Library/Frameworks",
					"$(inherited)",
					"$(DEVELOPER_FRAMEWORKS_DIR)",
				);
				GCC_PRECOMPILE_PREFIX_HEADER = YES;
				GCC_PREFIX_HEADER = "Pong/Pong-Prefix.pch";
				GCC_PREPROCESSOR_DEFINITIONS = (
					"DEBUG=1",
					"$(inherited)",
				);
				INFOPLIST_FILE = "PongTests/PongTests-Info.plist";
				PRODUCT_NAME = "$(TARGET_NAME)";
				TEST_HOST = "$(BUNDLE_LOADER)";
				WRAPPER_EXTENSION = xctest;
			};
			name = Debug;
		};
		A0BBBE551AB8739F00D27C5B /* Release */ = {
			isa = XCBuildConfiguration;
			buildSettings = {
				BUNDLE_LOADER = "$(BUILT_PRODUCTS_DIR)/Pong.app/Pong";
				FRAMEWORK_SEARCH_PATHS = (
					"$(SDKROOT)/Developer/Library/Frameworks",
					"$(inherited)",
					"$(DEVELOPER_FRAMEWORKS_DIR)",
				);
				GCC_PRECOMPILE_PREFIX_HEADER = YES;
				GCC_PREFIX_HEADER = "Pong/Pong-Prefix.pch";
				INFOPLIST_FILE = "PongTests/PongTests-Info.plist";
				PRODUCT_NAME = "$(TARGET_NAME)";
				TEST_HOST = "$(BUNDLE_LOADER)";
				WRAPPER_EXTENSION = xctest;
			};
			name = Release;
		};
/* End XCBuildConfiguration section */

/* Begin XCConfigurationList section */
		A0BBBE191AB8739F00D27C5B /* Build configuration list for PBXProject "Pong" */ = {
			isa = XCConfigurationList;
			buildConfigurations = (
				A0BBBE4E1AB8739F00D27C5B /* Debug */,
				A0BBBE4F1AB8739F00D27C5B /* Release */,
			);
			defaultConfigurationIsVisible = 0;
			defaultConfigurationName = Release;
		};
		A0BBBE501AB8739F00D27C5B /* Build configuration list for PBXNativeTarget "Pong" */ = {
			isa = XCConfigurationList;
			buildConfigurations = (
				A0BBBE511AB8739F00D27C5B /* Debug */,
				A0BBBE521AB8739F00D27C5B /* Release */,
			);
			defaultConfigurationIsVisible = 0;
		};
		A0BBBE531AB8739F00D27C5B /* Build configuration list for PBXNativeTarget "PongTests" */ = {
			isa = XCConfigurationList;
			buildConfigurations = (
				A0BBBE541AB8739F00D27C5B /* Debug */,
				A0BBBE551AB8739F00D27C5B /* Release */,
			);
			defaultConfigurationIsVisible = 0;
		};
/* End XCConfigurationList section */
	};
	rootObject = A0BBBE161AB8739F00D27C5B /* Project object */;
}
